
Microsoft Visual Studio Solution File, Format Version 12.00
# Visual Studio Version 17
VisualStudioVersion = 17.1.32319.34
MinimumVisualStudioVersion = 10.0.40219.1
Project("{2150E333-8FDC-42A3-9474-1A3956D46DE8}") = "Cores", "Cores", "{5417746D-271D-44A4-80A0-CBBBCE7175CF}"
EndProject
Project("{2150E333-8FDC-42A3-9474-1A3956D46DE8}") = "UI", "UI", "{BE4F1541-97A0-4BD2-8647-F2F6E7611F6B}"
EndProject
Project("{9A19103F-16F7-4668-BE54-9A1E7A4F7556}") = "Huida81-WPF", "Huida81-WPF\Huida81-WPF.csproj", "{1792D0BB-C5B3-4A1F-B0F9-685A82C2D657}"
EndProject
Project("{9A19103F-16F7-4668-BE54-9A1E7A4F7556}") = "Huida81.Core", "Huida81.Core\Huida81.Core.csproj", "{1712A869-0811-46A1-9973-51C43A5A48BE}"
EndProject
Project("{9A19103F-16F7-4668-BE54-9A1E7A4F7556}") = "Huida81-WinForms", "Huida81-WinForms\Huida81-WinForms.csproj", "{6575A06A-BA4D-4A87-86BC-2413C40C7FEE}"
EndProject
Global
	GlobalSection(SolutionConfigurationPlatforms) = preSolution
		Debug|Any CPU = Debug|Any CPU
		Release|Any CPU = Release|Any CPU
	EndGlobalSection
	GlobalSection(ProjectConfigurationPlatforms) = postSolution
		{1792D0BB-C5B3-4A1F-B0F9-685A82C2D657}.Debug|Any CPU.ActiveCfg = Debug|Any CPU
		{1792D0BB-C5B3-4A1F-B0F9-685A82C2D657}.Debug|Any CPU.Build.0 = Debug|Any CPU
		{1792D0BB-C5B3-4A1F-B0F9-685A82C2D657}.Release|Any CPU.ActiveCfg = Release|Any CPU
		{1792D0BB-C5B3-4A1F-B0F9-685A82C2D657}.Release|Any CPU.Build.0 = Release|Any CPU
		{1712A869-0811-46A1-9973-51C43A5A48BE}.Debug|Any CPU.ActiveCfg = Debug|Any CPU
		{1712A869-0811-46A1-9973-51C43A5A48BE}.Debug|Any CPU.Build.0 = Debug|Any CPU
		{1712A869-0811-46A1-9973-51C43A5A48BE}.Release|Any CPU.ActiveCfg = Release|Any CPU
		{1712A869-0811-46A1-9973-51C43A5A48BE}.Release|Any CPU.Build.0 = Release|Any CPU
		{6575A06A-BA4D-4A87-86BC-2413C40C7FEE}.Debug|Any CPU.ActiveCfg = Debug|Any CPU
		{6575A06A-BA4D-4A87-86BC-2413C40C7FEE}.Debug|Any CPU.Build.0 = Debug|Any CPU
		{6575A06A-BA4D-4A87-86BC-2413C40C7FEE}.Release|Any CPU.ActiveCfg = Release|Any CPU
		{6575A06A-BA4D-4A87-86BC-2413C40C7FEE}.Release|Any CPU.Build.0 = Release|Any CPU
	EndGlobalSection
	GlobalSection(SolutionProperties) = preSolution
		HideSolutionNode = FALSE
	EndGlobalSection
	GlobalSection(NestedProjects) = preSolution
		{1792D0BB-C5B3-4A1F-B0F9-685A82C2D657} = {BE4F1541-97A0-4BD2-8647-F2F6E7611F6B}
		{1712A869-0811-46A1-9973-51C43A5A48BE} = {5417746D-271D-44A4-80A0-CBBBCE7175CF}
		{6575A06A-BA4D-4A87-86BC-2413C40C7FEE} = {BE4F1541-97A0-4BD2-8647-F2F6E7611F6B}
	EndGlobalSection
	GlobalSection(ExtensibilityGlobals) = postSolution
		SolutionGuid = {1C6CF04F-7113-413F-A5EE-994F29502902}
	EndGlobalSection
EndGlobal
