
Microsoft Visual Studio Solution File, Format Version 12.00
# Visual Studio Version 16
VisualStudioVersion = 16.0.32228.343
MinimumVisualStudioVersion = 10.0.40219.1
Project("{2150E333-8FDC-42A3-9474-1A3956D46DE8}") = "Modules", "Modules", "{5417746D-271D-44A4-80A0-CBBBCE7175CF}"
EndProject
Project("{2150E333-8FDC-42A3-9474-1A3956D46DE8}") = "UI", "UI", "{BE4F1541-97A0-4BD2-8647-F2F6E7611F6B}"
EndProject
Project("{9A19103F-16F7-4668-BE54-9A1E7A4F7556}") = "WMI", "WMI\WMI.csproj", "{D7CBE4E6-D0AC-45A2-BA72-C61A3F57C8AD}"
EndProject
Project("{9A19103F-16F7-4668-BE54-9A1E7A4F7556}") = "UI_v1", "UI_v1\UI_v1.csproj", "{42D67D7E-7145-4CDD-8C89-70455A74DCDB}"
EndProject
Project("{9A19103F-16F7-4668-BE54-9A1E7A4F7556}") = "Huida81-WPF", "Huida81-WPF\Huida81-WPF.csproj", "{1792D0BB-C5B3-4A1F-B0F9-685A82C2D657}"
EndProject
Project("{9A19103F-16F7-4668-BE54-9A1E7A4F7556}") = "Huida81-WPF.Core", "Huida81-WPF.Core\Huida81-WPF.Core.csproj", "{C7245925-912E-4BD3-8FF0-2DDA9CC9431A}"
EndProject
Global
	GlobalSection(SolutionConfigurationPlatforms) = preSolution
		Debug|Any CPU = Debug|Any CPU
		Release|Any CPU = Release|Any CPU
	EndGlobalSection
	GlobalSection(ProjectConfigurationPlatforms) = postSolution
		{D7CBE4E6-D0AC-45A2-BA72-C61A3F57C8AD}.Debug|Any CPU.ActiveCfg = Debug|Any CPU
		{D7CBE4E6-D0AC-45A2-BA72-C61A3F57C8AD}.Debug|Any CPU.Build.0 = Debug|Any CPU
		{D7CBE4E6-D0AC-45A2-BA72-C61A3F57C8AD}.Release|Any CPU.ActiveCfg = Release|Any CPU
		{D7CBE4E6-D0AC-45A2-BA72-C61A3F57C8AD}.Release|Any CPU.Build.0 = Release|Any CPU
		{42D67D7E-7145-4CDD-8C89-70455A74DCDB}.Debug|Any CPU.ActiveCfg = Debug|Any CPU
		{42D67D7E-7145-4CDD-8C89-70455A74DCDB}.Debug|Any CPU.Build.0 = Debug|Any CPU
		{42D67D7E-7145-4CDD-8C89-70455A74DCDB}.Release|Any CPU.ActiveCfg = Release|Any CPU
		{42D67D7E-7145-4CDD-8C89-70455A74DCDB}.Release|Any CPU.Build.0 = Release|Any CPU
		{1792D0BB-C5B3-4A1F-B0F9-685A82C2D657}.Debug|Any CPU.ActiveCfg = Debug|Any CPU
		{1792D0BB-C5B3-4A1F-B0F9-685A82C2D657}.Debug|Any CPU.Build.0 = Debug|Any CPU
		{1792D0BB-C5B3-4A1F-B0F9-685A82C2D657}.Release|Any CPU.ActiveCfg = Release|Any CPU
		{1792D0BB-C5B3-4A1F-B0F9-685A82C2D657}.Release|Any CPU.Build.0 = Release|Any CPU
		{C7245925-912E-4BD3-8FF0-2DDA9CC9431A}.Debug|Any CPU.ActiveCfg = Debug|Any CPU
		{C7245925-912E-4BD3-8FF0-2DDA9CC9431A}.Debug|Any CPU.Build.0 = Debug|Any CPU
		{C7245925-912E-4BD3-8FF0-2DDA9CC9431A}.Release|Any CPU.ActiveCfg = Release|Any CPU
		{C7245925-912E-4BD3-8FF0-2DDA9CC9431A}.Release|Any CPU.Build.0 = Release|Any CPU
	EndGlobalSection
	GlobalSection(SolutionProperties) = preSolution
		HideSolutionNode = FALSE
	EndGlobalSection
	GlobalSection(NestedProjects) = preSolution
		{D7CBE4E6-D0AC-45A2-BA72-C61A3F57C8AD} = {5417746D-271D-44A4-80A0-CBBBCE7175CF}
		{42D67D7E-7145-4CDD-8C89-70455A74DCDB} = {BE4F1541-97A0-4BD2-8647-F2F6E7611F6B}
		{1792D0BB-C5B3-4A1F-B0F9-685A82C2D657} = {BE4F1541-97A0-4BD2-8647-F2F6E7611F6B}
		{C7245925-912E-4BD3-8FF0-2DDA9CC9431A} = {BE4F1541-97A0-4BD2-8647-F2F6E7611F6B}
	EndGlobalSection
	GlobalSection(ExtensibilityGlobals) = postSolution
		SolutionGuid = {1C6CF04F-7113-413F-A5EE-994F29502902}
	EndGlobalSection
EndGlobal
